
Microsoft Visual Studio Solution File, Format Version 12.00
# Visual Studio 15
VisualStudioVersion = 15.0.28307.572
MinimumVisualStudioVersion = 10.0.40219.1
Project("{FAE04EC0-301F-11D3-BF4B-00C04F79EFBC}") = "Sample.RabbitMQ.MySql", "Sample.RabbitMQ.MySql\Sample.RabbitMQ.MySql.csproj", "{F694C246-D8EB-46A6-B73C-130073D61BE3}"
EndProject
Global
	GlobalSection(SolutionConfigurationPlatforms) = preSolution
		Debug|Any CPU = Debug|Any CPU
		Release|Any CPU = Release|Any CPU
	EndGlobalSection
	GlobalSection(ProjectConfigurationPlatforms) = postSolution
		{F694C246-D8EB-46A6-B73C-130073D61BE3}.Debug|Any CPU.ActiveCfg = Debug|Any CPU
		{F694C246-D8EB-46A6-B73C-130073D61BE3}.Debug|Any CPU.Build.0 = Debug|Any CPU
		{F694C246-D8EB-46A6-B73C-130073D61BE3}.Release|Any CPU.ActiveCfg = Release|Any CPU
		{F694C246-D8EB-46A6-B73C-130073D61BE3}.Release|Any CPU.Build.0 = Release|Any CPU
	EndGlobalSection
	GlobalSection(SolutionProperties) = preSolution
		HideSolutionNode = FALSE
	EndGlobalSection
	GlobalSection(ExtensibilityGlobals) = postSolution
		SolutionGuid = {300B73F5-BCA7-49FE-8E64-67B1AB7CD798}
	EndGlobalSection
EndGlobal
